PODS:
  - ExtensibleEnumeratedName (1.0.1)
  - WolfAutolayout (1.0):
    - WolfFoundation
    - WolfGeometry
    - WolfOSBridge
  - WolfFoundation (1.0):
    - WolfNumerics
    - WolfPipe
    - WolfStrings
  - WolfGeometry (1.0):
    - ExtensibleEnumeratedName
    - WolfFoundation
    - WolfNumerics
    - WolfStrings
  - WolfNumerics (1.0.1)
  - WolfOSBridge (1.0)
  - WolfPipe (1.0.1)
  - WolfStrings (1.0.1):
    - ExtensibleEnumeratedName
    - WolfNumerics
    - WolfPipe

DEPENDENCIES:
  - WolfAutolayout (from `../`)

SPEC REPOS:
  https://github.com/cocoapods/specs.git:
    - ExtensibleEnumeratedName
    - WolfFoundation
    - WolfGeometry
    - WolfNumerics
    - WolfOSBridge
    - WolfPipe
    - WolfStrings

EXTERNAL SOURCES:
  WolfAutolayout:
    :path: "../"

SPEC CHECKSUMS:
  ExtensibleEnumeratedName: 70c35288c7e34eff64b4b1da8b0c6e993013738b
  WolfAutolayout: 85ca8c8000a05686dbdcdf14d4c288bbc2b86146
  WolfFoundation: 90959f037de362da543adfdbe347f79c28e7f0db
  WolfGeometry: ea6c54d93303363f61930d762617ff197a0c96aa
  WolfNumerics: 47d911caaf5350fc838b638ca47a5427b676d275
  WolfOSBridge: 238f042a7978e522c9ec0644dca85248d7e30148
  WolfPipe: 7ddf803ae6bc9d42d34120bcce43d25940e3c791
  WolfStrings: 0691ee5c7aae7c040a6552ca97ddfa510ecccf88

PODFILE CHECKSUM: 11a74e8a7e772c9cf7e2e7176d6b638c3618994d

COCOAPODS: 1.6.0.beta.1
