PODS:
  - ExtensibleEnumeratedName (1.0.3)
  - WolfAutolayout (1.0.2):
    - WolfFoundation
    - WolfGeometry
    - WolfOSBridge
  - WolfFoundation (1.0.2):
    - WolfNumerics
    - WolfPipe
    - WolfStrings
  - WolfGeometry (1.0.1):
    - ExtensibleEnumeratedName
    - WolfFoundation
    - WolfNumerics
    - WolfStrings
  - WolfNumerics (1.0.3)
  - WolfOSBridge (1.0.1)
  - WolfPipe (1.0.4)
  - WolfStrings (1.0.3):
    - ExtensibleEnumeratedName
    - WolfNumerics
    - WolfPipe

DEPENDENCIES:
  - WolfAutolayout (from `../`)

SPEC REPOS:
  https://github.com/cocoapods/specs.git:
    - ExtensibleEnumeratedName
    - WolfFoundation
    - WolfGeometry
    - WolfNumerics
    - WolfOSBridge
    - WolfPipe
    - WolfStrings

EXTERNAL SOURCES:
  WolfAutolayout:
    :path: "../"

SPEC CHECKSUMS:
  ExtensibleEnumeratedName: c6caeb662f79105e7229a613f9043e8a7e15e642
  WolfAutolayout: 7bd9799b914b508fb32c83b67fc39a2254acc75a
  WolfFoundation: 3a8d73db23cb6ce562ec06a98e1208afd53c63db
  WolfGeometry: dae4dac7c93d74a0726b12b806015bf90ee732bd
  WolfNumerics: aac52cdac131f4d54c9f09479156a5cf016ab62f
  WolfOSBridge: 6c3c6be3993a8c38db0dc2ab2d7fc9e98ec4938d
  WolfPipe: 7ac686d6e3d4e960323c864c9e57a667cda7126c
  WolfStrings: df8b7406fe1c7fcd6efa1cddf5882647477d0677

PODFILE CHECKSUM: 11a74e8a7e772c9cf7e2e7176d6b638c3618994d

COCOAPODS: 1.6.0.beta.1
